
Microsoft Visual Studio Solution File, Format Version 12.00
# Visual Studio 2012
Project("{FAE04EC0-301F-11D3-BF4B-00C04F79EFBC}") = "PeriodicTableSelectorLib", "PeriodicTableSelectorLib\PeriodicTableSelectorLib.csproj", "{C8B79DE4-CB60-456F-9EC2-7FB5DB71BFD7}"
EndProject
Project("{FAE04EC0-301F-11D3-BF4B-00C04F79EFBC}") = "TestDemo01", "TestDemo01\TestDemo01.csproj", "{30C7997F-27E6-4D8F-978F-AF1BA0AA21C0}"
EndProject
Global
	GlobalSection(SolutionConfigurationPlatforms) = preSolution
		Debug|Any CPU = Debug|Any CPU
		Release|Any CPU = Release|Any CPU
	EndGlobalSection
	GlobalSection(ProjectConfigurationPlatforms) = postSolution
		{C8B79DE4-CB60-456F-9EC2-7FB5DB71BFD7}.Debug|Any CPU.ActiveCfg = Debug|Any CPU
		{C8B79DE4-CB60-456F-9EC2-7FB5DB71BFD7}.Debug|Any CPU.Build.0 = Debug|Any CPU
		{C8B79DE4-CB60-456F-9EC2-7FB5DB71BFD7}.Release|Any CPU.ActiveCfg = Release|Any CPU
		{C8B79DE4-CB60-456F-9EC2-7FB5DB71BFD7}.Release|Any CPU.Build.0 = Release|Any CPU
		{30C7997F-27E6-4D8F-978F-AF1BA0AA21C0}.Debug|Any CPU.ActiveCfg = Debug|Any CPU
		{30C7997F-27E6-4D8F-978F-AF1BA0AA21C0}.Debug|Any CPU.Build.0 = Debug|Any CPU
		{30C7997F-27E6-4D8F-978F-AF1BA0AA21C0}.Release|Any CPU.ActiveCfg = Release|Any CPU
		{30C7997F-27E6-4D8F-978F-AF1BA0AA21C0}.Release|Any CPU.Build.0 = Release|Any CPU
	EndGlobalSection
	GlobalSection(SolutionProperties) = preSolution
		HideSolutionNode = FALSE
	EndGlobalSection
EndGlobal
